{
  "name": "dingtalkbot",
  "version": "1.0.0",
  "lockfileVersion": 2,
  "requires": true,
  "packages": {
    "": {
      "name": "dingtalkbot",
      "version": "1.0.0",
      "license": "ISC",
      "dependencies": {
        "dingtalk-robot-sender": "^1.2.0",
        "github-readme": "^1.0.0"
      }
    },
    "node_modules/ansi-regex": {
      "version": "2.1.1",
      "resolved": "https://registry.npmmirror.com/ansi-regex/-/ansi-regex-2.1.1.tgz",
      "integrity": "sha512-TIGnTpdo+E3+pCyAluZvtED5p5wCqLdezCyhPZzKPcxvFplEt4i+W7OONCKgeZFT3+y5NZZfOOS/Bdcanm1MYA==",
      "engines": {
        "node": ">=0.10.0"
      }
    },
    "node_modules/ansi-styles": {
      "version": "2.2.1",
      "resolved": "https://registry.npmmirror.com/ansi-styles/-/ansi-styles-2.2.1.tgz",
      "integrity": "sha512-kmCevFghRiWM7HB5zTPULl4r9bVFSWjz62MhqizDGUrq2NWuNMQyuv4tHHoKJHs69M/MF64lEcHdYIocrdWQYA==",
      "engines": {
        "node": ">=0.10.0"
      }
    },
    "node_modules/axios": {
      "version": "0.19.2",
      "resolved": "https://registry.npmmirror.com/axios/-/axios-0.19.2.tgz",
      "integrity": "sha512-fjgm5MvRHLhx+osE2xoekY70AhARk3a6hkN+3Io1jc00jtquGvxYlKlsFUhmUET0V5te6CcZI7lcv2Ym61mjHA==",
      "deprecated": "Critical security vulnerability fixed in v0.21.1. For more information, see https://github.com/axios/axios/pull/3410",
      "dependencies": {
        "follow-redirects": "1.5.10"
      }
    },
    "node_modules/callsites": {
      "version": "1.0.1",
      "resolved": "https://registry.npmmirror.com/callsites/-/callsites-1.0.1.tgz",
      "integrity": "sha512-4pzUzADrTwH4QwhsYEY1yQYUYXb4Lp3CB7FVknTNtWNCFdcQkRV4ICEGnMQ35DcJhCVlAB1VD3A/SoWC0O2kMg==",
      "engines": {
        "node": ">=0.10"
      }
    },
    "node_modules/chalk": {
      "version": "1.1.3",
      "resolved": "https://registry.npmmirror.com/chalk/-/chalk-1.1.3.tgz",
      "integrity": "sha512-U3lRVLMSlsCfjqYPbLyVv11M9CPW4I728d6TCKMAOJueEeB9/8o+eSsMnxPJD+Q+K909sdESg7C+tIkoH6on1A==",
      "dependencies": {
        "ansi-styles": "^2.2.1",
        "escape-string-regexp": "^1.0.2",
        "has-ansi": "^2.0.0",
        "strip-ansi": "^3.0.0",
        "supports-color": "^2.0.0"
      },
      "engines": {
        "node": ">=0.10.0"
      }
    },
    "node_modules/cmpby": {
      "version": "0.1.0",
      "resolved": "https://registry.npmmirror.com/cmpby/-/cmpby-0.1.0.tgz",
      "integrity": "sha512-i+MsI/FJS3XPBkXMMxC+AfTX75AdCi1jqF0lXp2G0B91YSQ+cvFSaYWBxzDwszMzSU1UuH0KjOan3fBazhnCPw==",
      "dependencies": {
        "declared": "^0.1.0"
      }
    },
    "node_modules/core-util-is": {
      "version": "1.0.3",
      "resolved": "https://registry.npmmirror.com/core-util-is/-/core-util-is-1.0.3.tgz",
      "integrity": "sha512-ZQBvi1DcpJ4GDqanjucZ2Hj3wEO5pZDS89BWbkcrvdxksJorwUDDZamX9ldFkp9aw2lmBDLgkObEA4DWNJ9FYQ=="
    },
    "node_modules/debug": {
      "version": "3.1.0",
      "resolved": "https://registry.npmmirror.com/debug/-/debug-3.1.0.tgz",
      "integrity": "sha512-OX8XqP7/1a9cqkxYw2yXss15f26NKWBpDXQd0/uK/KPqdQhxbPa994hnzjcE2VqQpDslf55723cKPUOGSmMY3g==",
      "dependencies": {
        "ms": "2.0.0"
      }
    },
    "node_modules/declared": {
      "version": "0.1.0",
      "resolved": "https://registry.npmmirror.com/declared/-/declared-0.1.0.tgz",
      "integrity": "sha512-4BpJ6puD63UqZkqolJeUFjN/Ged9N4wSEX8IHyEadnHyQWqVyBKcERU5+1GiPnuDgCnFxR72TO1URF06QguMmA=="
    },
    "node_modules/define-properties": {
      "version": "1.1.4",
      "resolved": "https://registry.npmmirror.com/define-properties/-/define-properties-1.1.4.tgz",
      "integrity": "sha512-uckOqKcfaVvtBdsVkdPv3XjveQJsNQqmhXgRi8uhvWWuPYZCNlzT8qAyblUgNoXdHdjMTzAqeGjAoli8f+bzPA==",
      "dependencies": {
        "has-property-descriptors": "^1.0.0",
        "object-keys": "^1.1.1"
      },
      "engines": {
        "node": ">= 0.4"
      }
    },
    "node_modules/dingtalk-robot-sender": {
      "version": "1.2.0",
      "resolved": "https://registry.npmmirror.com/dingtalk-robot-sender/-/dingtalk-robot-sender-1.2.0.tgz",
      "integrity": "sha512-sLSZpjXYz+VpWvuCoOnhPTnIFcVYBdNEGSEQqjYwb09YUmiNUtvhT/VftOxAkfhNykOjmQ4lSY+90lVWErThbw==",
      "dependencies": {
        "axios": "^0.19.0"
      }
    },
    "node_modules/duplexify": {
      "version": "3.7.1",
      "resolved": "https://registry.npmmirror.com/duplexify/-/duplexify-3.7.1.tgz",
      "integrity": "sha512-07z8uv2wMyS51kKhD1KsdXJg5WQ6t93RneqRxUHnskXVtlYYkLqM0gqStQZ3pj073g687jPCHrqNfCzawLYh5g==",
      "dependencies": {
        "end-of-stream": "^1.0.0",
        "inherits": "^2.0.1",
        "readable-stream": "^2.0.0",
        "stream-shift": "^1.0.0"
      }
    },
    "node_modules/end-of-stream": {
      "version": "1.4.4",
      "resolved": "https://registry.npmmirror.com/end-of-stream/-/end-of-stream-1.4.4.tgz",
      "integrity": "sha512-+uw1inIHVPQoaVuHzRyXd21icM+cnt4CzD5rW+NC1wjOUSTOs+Te7FOv7AhN7vS9x/oIyhLP5PR1H+phQAHu5Q==",
      "dependencies": {
        "once": "^1.4.0"
      }
    },
    "node_modules/escape-string-regexp": {
      "version": "1.0.5",
      "resolved": "https://registry.npmmirror.com/escape-string-regexp/-/escape-string-regexp-1.0.5.tgz",
      "integrity": "sha512-vbRorB5FUQWvla16U8R/qgaFIya2qGzwDrNmCZuYKrbdSUMG6I1ZCGQRefkRVhuOkIGVne7BQ35DSfo1qvJqFg==",
      "engines": {
        "node": ">=0.8.0"
      }
    },
    "node_modules/find-root": {
      "version": "0.1.2",
      "resolved": "https://registry.npmmirror.com/find-root/-/find-root-0.1.2.tgz",
      "integrity": "sha512-GyDxVgA61TZcrgDJPqOqGBpi80Uf2yIstubgizi7AjC9yPdRrqBR+Y0MvK4kXnYlaoz3d+SGxDHMYVkwI/yd2w=="
    },
    "node_modules/follow-redirects": {
      "version": "1.5.10",
      "resolved": "https://registry.npmmirror.com/follow-redirects/-/follow-redirects-1.5.10.tgz",
      "integrity": "sha512-0V5l4Cizzvqt5D44aTXbFZz+FtyXV1vrDN6qrelxtfYQKW0KO0W2T/hkE8xvGa/540LkZlkaUjO4ailYTFtHVQ==",
      "dependencies": {
        "debug": "=3.1.0"
      },
      "engines": {
        "node": ">=4.0"
      }
    },
    "node_modules/function-bind": {
      "version": "1.1.1",
      "resolved": "https://registry.npmmirror.com/function-bind/-/function-bind-1.1.1.tgz",
      "integrity": "sha512-yIovAzMX49sF8Yl58fSCWJ5svSLuaibPxXQJFLmBObTuCr0Mf1KiPopGM9NiFjiYBCbfaa2Fh6breQ6ANVTI0A=="
    },
    "node_modules/get-intrinsic": {
      "version": "1.1.1",
      "resolved": "https://registry.npmmirror.com/get-intrinsic/-/get-intrinsic-1.1.1.tgz",
      "integrity": "sha512-kWZrnVM42QCiEA2Ig1bG8zjoIMOgxWwYCEeNdwY6Tv/cOSeGpcoX4pXHfKUxNKVoArnrEr2e9srnAxxGIraS9Q==",
      "dependencies": {
        "function-bind": "^1.1.1",
        "has": "^1.0.3",
        "has-symbols": "^1.0.1"
      }
    },
    "node_modules/gh-got": {
      "version": "1.1.0",
      "resolved": "https://registry.npmmirror.com/gh-got/-/gh-got-1.1.0.tgz",
      "integrity": "sha512-jo4rP5ugI6fZGjS0vmvHlM8P7EBA39p8to4r2i+LqYXxeg4M8qnPXiKaetDfH0YLXkO9Hfsa2mKIjMsGJwcdGQ==",
      "dependencies": {
        "got": "^3.2.0",
        "object-assign": "^2.0.0"
      },
      "engines": {
        "node": ">=0.10.0"
      }
    },
    "node_modules/github-get": {
      "version": "0.2.3",
      "resolved": "https://registry.npmmirror.com/github-get/-/github-get-0.2.3.tgz",
      "integrity": "sha512-12O6qjyBKt1TO89zqgjBjg+hZ4JeyoYnsgr6shqTl85JQ2rr2ZBvtGe0o5abBR/2dD++iubaX46wG01whcff2Q==",
      "dependencies": {
        "gh-got": "^1.1.0",
        "help-version": "^0.2.0",
        "ls-view": "^0.1.0",
        "object.assign": "^3.0.0"
      },
      "bin": {
        "github-get": "cli.js"
      }
    },
    "node_modules/github-readme": {
      "version": "1.0.0",
      "resolved": "https://registry.npmmirror.com/github-readme/-/github-readme-1.0.0.tgz",
      "integrity": "sha512-iu+5gusNgdlnGm0aYcHcBa+NnVrUHJsV/Xevi9AZAyMCY3RKNclryQ5proCBIpGXW3hE2ZBBoPtf2s30zDV6Fw==",
      "dependencies": {
        "github-get": "^0.2.3",
        "readme-filenames": "^1.0.0"
      }
    },
    "node_modules/got": {
      "version": "3.3.1",
      "resolved": "https://registry.npmmirror.com/got/-/got-3.3.1.tgz",
      "integrity": "sha512-7chPlc0pWHjvq7B6dEEXz4GphoDupOvBSSl6AwRsAJX7GPTZ+bturaZiIigX4Dp6KrAP67nvzuKkNc0SLA0DKg==",
      "dependencies": {
        "duplexify": "^3.2.0",
        "infinity-agent": "^2.0.0",
        "is-redirect": "^1.0.0",
        "is-stream": "^1.0.0",
        "lowercase-keys": "^1.0.0",
        "nested-error-stacks": "^1.0.0",
        "object-assign": "^3.0.0",
        "prepend-http": "^1.0.0",
        "read-all-stream": "^3.0.0",
        "timed-out": "^2.0.0"
      },
      "engines": {
        "node": ">=0.10.0"
      }
    },
    "node_modules/got/node_modules/object-assign": {
      "version": "3.0.0",
      "resolved": "https://registry.npmmirror.com/object-assign/-/object-assign-3.0.0.tgz",
      "integrity": "sha512-jHP15vXVGeVh1HuaA2wY6lxk+whK/x4KBG88VXeRma7CCun7iGD5qPc4eYykQ9sdQvg8jkwFKsSxHln2ybW3xQ==",
      "engines": {
        "node": ">=0.10.0"
      }
    },
    "node_modules/has": {
      "version": "1.0.3",
      "resolved": "https://registry.npmmirror.com/has/-/has-1.0.3.tgz",
      "integrity": "sha512-f2dvO0VU6Oej7RkWJGrehjbzMAjFp5/VKPp5tTpWIV4JHHZK1/BxbFRtf/siA2SWTe09caDmVtYYzWEIbBS4zw==",
      "dependencies": {
        "function-bind": "^1.1.1"
      },
      "engines": {
        "node": ">= 0.4.0"
      }
    },
    "node_modules/has-ansi": {
      "version": "2.0.0",
      "resolved": "https://registry.npmmirror.com/has-ansi/-/has-ansi-2.0.0.tgz",
      "integrity": "sha512-C8vBJ8DwUCx19vhm7urhTuUsr4/IyP6l4VzNQDv+ryHQObW3TTTp9yB68WpYgRe2bbaGuZ/se74IqFeVnMnLZg==",
      "dependencies": {
        "ansi-regex": "^2.0.0"
      },
      "engines": {
        "node": ">=0.10.0"
      }
    },
    "node_modules/has-property-descriptors": {
      "version": "1.0.0",
      "resolved": "https://registry.npmmirror.com/has-property-descriptors/-/has-property-descriptors-1.0.0.tgz",
      "integrity": "sha512-62DVLZGoiEBDHQyqG4w9xCuZ7eJEwNmJRWw2VY84Oedb7WFcA27fiEVe8oUQx9hAUJ4ekurquucTGwsyO1XGdQ==",
      "dependencies": {
        "get-intrinsic": "^1.1.1"
      }
    },
    "node_modules/has-symbols": {
      "version": "1.0.3",
      "resolved": "https://registry.npmmirror.com/has-symbols/-/has-symbols-1.0.3.tgz",
      "integrity": "sha512-l3LCuF6MgDNwTDKkdYGEihYjt5pRPbEg46rtlmnSPlUbgmB8LOIrKJbYYFBSbnPaJexMKtiPO8hmeRjRz2Td+A==",
      "engines": {
        "node": ">= 0.4"
      }
    },
    "node_modules/help-version": {
      "version": "0.2.0",
      "resolved": "https://registry.npmmirror.com/help-version/-/help-version-0.2.0.tgz",
      "integrity": "sha512-mKVm3u4Eh1sexIpPIwxuwY6/3m/FOJKM9gs65pb5HLfUbxHjhHzrSf3Zymo0GyWMAyC3u9sZg0COn2rWkDINIA==",
      "dependencies": {
        "callsites": "^1.0.0",
        "find-root": "^0.1.1"
      }
    },
    "node_modules/infinity-agent": {
      "version": "2.0.3",
      "resolved": "https://registry.npmmirror.com/infinity-agent/-/infinity-agent-2.0.3.tgz",
      "integrity": "sha512-CnfUJe5o2S9aAQWXGMhDZI4UL39MAJV3guOTfHHIdos4tuVHkl1j/J+1XLQn+CLIvqcpgQR/p+xXYXzcrhCe5w=="
    },
    "node_modules/inherits": {
      "version": "2.0.4",
      "resolved": "https://registry.npmmirror.com/inherits/-/inherits-2.0.4.tgz",
      "integrity": "sha512-k/vGaX4/Yla3WzyMCvTQOXYeIHvqOKtnqBduzTHpzpQZzAskKMhZ2K+EnBiSM9zGSoIFeMpXKxa4dYeZIQqewQ=="
    },
    "node_modules/is-redirect": {
      "version": "1.0.0",
      "resolved": "https://registry.npmmirror.com/is-redirect/-/is-redirect-1.0.0.tgz",
      "integrity": "sha512-cr/SlUEe5zOGmzvj9bUyC4LVvkNVAXu4GytXLNMr1pny+a65MpQ9IJzFHD5vi7FyJgb4qt27+eS3TuQnqB+RQw==",
      "engines": {
        "node": ">=0.10.0"
      }
    },
    "node_modules/is-stream": {
      "version": "1.1.0",
      "resolved": "https://registry.npmmirror.com/is-stream/-/is-stream-1.1.0.tgz",
      "integrity": "sha512-uQPm8kcs47jx38atAcWTVxyltQYoPT68y9aWYdV6yWXSyW8mzSat0TL6CiWdZeCdF3KrAvpVtnHbTv4RN+rqdQ==",
      "engines": {
        "node": ">=0.10.0"
      }
    },
    "node_modules/isarray": {
      "version": "1.0.0",
      "resolved": "https://registry.npmmirror.com/isarray/-/isarray-1.0.0.tgz",
      "integrity": "sha512-VLghIWNM6ELQzo7zwmcg0NmTVyWKYjvIeM83yjp0wRDTmUnrM678fQbcKBo6n2CJEF0szoG//ytg+TKla89ALQ=="
    },
    "node_modules/lowercase-keys": {
      "version": "1.0.1",
      "resolved": "https://registry.npmmirror.com/lowercase-keys/-/lowercase-keys-1.0.1.tgz",
      "integrity": "sha512-G2Lj61tXDnVFFOi8VZds+SoQjtQC3dgokKdDG2mTm1tx4m50NUHBOZSBwQQHyy0V12A0JTG4icfZQH+xPyh8VA==",
      "engines": {
        "node": ">=0.10.0"
      }
    },
    "node_modules/ls-view": {
      "version": "0.1.0",
      "resolved": "https://registry.npmmirror.com/ls-view/-/ls-view-0.1.0.tgz",
      "integrity": "sha512-NcbneNiL6N3Hydj8N4qO4FWHrRfWrIGSJiq3I1hSy94ZmCK74+b8oe05NkIo0Diw5laRUkIblq1le49ofIea7A==",
      "dependencies": {
        "chalk": "^1.0.0",
        "cmpby": "^0.1.0",
        "stable": "^0.1.5"
      }
    },
    "node_modules/ms": {
      "version": "2.0.0",
      "resolved": "https://registry.npmmirror.com/ms/-/ms-2.0.0.tgz",
      "integrity": "sha512-Tpp60P6IUJDTuOq/5Z8cdskzJujfwqfOTkrwIwj7IRISpnkJnT6SyJ4PCPnGMoFjC9ddhal5KVIYtAt97ix05A=="
    },
    "node_modules/nested-error-stacks": {
      "version": "1.0.2",
      "resolved": "https://registry.npmmirror.com/nested-error-stacks/-/nested-error-stacks-1.0.2.tgz",
      "integrity": "sha512-o32anp9JA7oezPOFSfG2BBXSdHepOm5FpJvwxHWDtfJ3Bg3xdi68S6ijPlEOfUg6quxZWyvJM+8fHk1yMDKspA==",
      "dependencies": {
        "inherits": "~2.0.1"
      }
    },
    "node_modules/object-assign": {
      "version": "2.1.1",
      "resolved": "https://registry.npmmirror.com/object-assign/-/object-assign-2.1.1.tgz",
      "integrity": "sha512-CdsOUYIh5wIiozhJ3rLQgmUTgcyzFwZZrqhkKhODMoGtPKM+wt0h0CNIoauJWMsS9822EdzPsF/6mb4nLvPN5g==",
      "engines": {
        "node": ">=0.10.0"
      }
    },
    "node_modules/object-keys": {
      "version": "1.1.1",
      "resolved": "https://registry.npmmirror.com/object-keys/-/object-keys-1.1.1.tgz",
      "integrity": "sha512-NuAESUOUMrlIXOfHKzD6bpPu3tYt3xvjNdRIQ+FeT0lNb4K8WR70CaDxhuNguS2XG+GjkyMwOzsN5ZktImfhLA==",
      "engines": {
        "node": ">= 0.4"
      }
    },
    "node_modules/object.assign": {
      "version": "3.0.1",
      "resolved": "https://registry.npmmirror.com/object.assign/-/object.assign-3.0.1.tgz",
      "integrity": "sha512-XueBYCVf3jIzfzA3FJKy5CifrjxxTXNiOhYDBasqmJForbzq4YHGyJCC3yGjLi5UECpoDuYIv2VHFYmsmwvApQ==",
      "dependencies": {
        "define-properties": "^1.0.2",
        "object-keys": "^1.0.4"
      },
      "engines": {
        "node": ">= 0.4"
      }
    },
    "node_modules/once": {
      "version": "1.4.0",
      "resolved": "https://registry.npmmirror.com/once/-/once-1.4.0.tgz",
      "integrity": "sha512-lNaJgI+2Q5URQBkccEKHTQOPaXdUxnZZElQTZY0MFUAuaEqe1E+Nyvgdz/aIyNi6Z9MzO5dv1H8n58/GELp3+w==",
      "dependencies": {
        "wrappy": "1"
      }
    },
    "node_modules/pinkie": {
      "version": "2.0.4",
      "resolved": "https://registry.npmmirror.com/pinkie/-/pinkie-2.0.4.tgz",
      "integrity": "sha512-MnUuEycAemtSaeFSjXKW/aroV7akBbY+Sv+RkyqFjgAe73F+MR0TBWKBRDkmfWq/HiFmdavfZ1G7h4SPZXaCSg==",
      "engines": {
        "node": ">=0.10.0"
      }
    },
    "node_modules/pinkie-promise": {
      "version": "2.0.1",
      "resolved": "https://registry.npmmirror.com/pinkie-promise/-/pinkie-promise-2.0.1.tgz",
      "integrity": "sha512-0Gni6D4UcLTbv9c57DfxDGdr41XfgUjqWZu492f0cIGr16zDU06BWP/RAEvOuo7CQ0CNjHaLlM59YJJFm3NWlw==",
      "dependencies": {
        "pinkie": "^2.0.0"
      },
      "engines": {
        "node": ">=0.10.0"
      }
    },
    "node_modules/prepend-http": {
      "version": "1.0.4",
      "resolved": "https://registry.npmmirror.com/prepend-http/-/prepend-http-1.0.4.tgz",
      "integrity": "sha512-PhmXi5XmoyKw1Un4E+opM2KcsJInDvKyuOumcjjw3waw86ZNjHwVUOOWLc4bCzLdcKNaWBH9e99sbWzDQsVaYg==",
      "engines": {
        "node": ">=0.10.0"
      }
    },
    "node_modules/process-nextick-args": {
      "version": "2.0.1",
      "resolved": "https://registry.npmmirror.com/process-nextick-args/-/process-nextick-args-2.0.1.tgz",
      "integrity": "sha512-3ouUOpQhtgrbOa17J7+uxOTpITYWaGP7/AhoR3+A+/1e9skrzelGi/dXzEYyvbxubEF6Wn2ypscTKiKJFFn1ag=="
    },
    "node_modules/read-all-stream": {
      "version": "3.1.0",
      "resolved": "https://registry.npmmirror.com/read-all-stream/-/read-all-stream-3.1.0.tgz",
      "integrity": "sha512-DI1drPHbmBcUDWrJ7ull/F2Qb8HkwBncVx8/RpKYFSIACYaVRQReISYPdZz/mt1y1+qMCOrfReTopERmaxtP6w==",
      "dependencies": {
        "pinkie-promise": "^2.0.0",
        "readable-stream": "^2.0.0"
      },
      "engines": {
        "node": ">=0.10.0"
      }
    },
    "node_modules/readable-stream": {
      "version": "2.3.7",
      "resolved": "https://registry.npmmirror.com/readable-stream/-/readable-stream-2.3.7.tgz",
      "integrity": "sha512-Ebho8K4jIbHAxnuxi7o42OrZgF/ZTNcsZj6nRKyUmkhLFq8CHItp/fy6hQZuZmP/n3yZ9VBUbp4zz/mX8hmYPw==",
      "dependencies": {
        "core-util-is": "~1.0.0",
        "inherits": "~2.0.3",
        "isarray": "~1.0.0",
        "process-nextick-args": "~2.0.0",
        "safe-buffer": "~5.1.1",
        "string_decoder": "~1.1.1",
        "util-deprecate": "~1.0.1"
      }
    },
    "node_modules/readme-filenames": {
      "version": "1.0.1",
      "resolved": "https://registry.npmmirror.com/readme-filenames/-/readme-filenames-1.0.1.tgz",
      "integrity": "sha512-eWJ3ug+K1OUnhWfccRIPLLaxqFPbxvL2coaxtojMGoUT0v3OYV1RwVoxdOayayvC6cQG/C/nv2gsirAgZdyYXA=="
    },
    "node_modules/safe-buffer": {
      "version": "5.1.2",
      "resolved": "https://registry.npmmirror.com/safe-buffer/-/safe-buffer-5.1.2.tgz",
      "integrity": "sha512-Gd2UZBJDkXlY7GbJxfsE8/nvKkUEU1G38c1siN6QP6a9PT9MmHB8GnpscSmMJSoF8LOIrt8ud/wPtojys4G6+g=="
    },
    "node_modules/stable": {
      "version": "0.1.8",
      "resolved": "https://registry.npmmirror.com/stable/-/stable-0.1.8.tgz",
      "integrity": "sha512-ji9qxRnOVfcuLDySj9qzhGSEFVobyt1kIOSkj1qZzYLzq7Tos/oUUWvotUPQLlrsidqsK6tBH89Bc9kL5zHA6w=="
    },
    "node_modules/stream-shift": {
      "version": "1.0.1",
      "resolved": "https://registry.npmmirror.com/stream-shift/-/stream-shift-1.0.1.tgz",
      "integrity": "sha512-AiisoFqQ0vbGcZgQPY1cdP2I76glaVA/RauYR4G4thNFgkTqr90yXTo4LYX60Jl+sIlPNHHdGSwo01AvbKUSVQ=="
    },
    "node_modules/string_decoder": {
      "version": "1.1.1",
      "resolved": "https://registry.npmmirror.com/string_decoder/-/string_decoder-1.1.1.tgz",
      "integrity": "sha512-n/ShnvDi6FHbbVfviro+WojiFzv+s8MPMHBczVePfUpDJLwoLT0ht1l4YwBCbi8pJAveEEdnkHyPyTP/mzRfwg==",
      "dependencies": {
        "safe-buffer": "~5.1.0"
      }
    },
    "node_modules/strip-ansi": {
      "version": "3.0.1",
      "resolved": "https://registry.npmmirror.com/strip-ansi/-/strip-ansi-3.0.1.tgz",
      "integrity": "sha512-VhumSSbBqDTP8p2ZLKj40UjBCV4+v8bUSEpUb4KjRgWk9pbqGF4REFj6KEagidb2f/M6AzC0EmFyDNGaw9OCzg==",
      "dependencies": {
        "ansi-regex": "^2.0.0"
      },
      "engines": {
        "node": ">=0.10.0"
      }
    },
    "node_modules/supports-color": {
      "version": "2.0.0",
      "resolved": "https://registry.npmmirror.com/supports-color/-/supports-color-2.0.0.tgz",
      "integrity": "sha512-KKNVtd6pCYgPIKU4cp2733HWYCpplQhddZLBUryaAHou723x+FRzQ5Df824Fj+IyyuiQTRoub4SnIFfIcrp70g==",
      "engines": {
        "node": ">=0.8.0"
      }
    },
    "node_modules/timed-out": {
      "version": "2.0.0",
      "resolved": "https://registry.npmmirror.com/timed-out/-/timed-out-2.0.0.tgz",
      "integrity": "sha512-pqqJOi1rF5zNs/ps4vmbE4SFCrM4iR7LW+GHAsHqO/EumqbIWceioevYLM5xZRgQSH6gFgL9J/uB7EcJhQ9niQ==",
      "engines": {
        "node": ">=0.10.0"
      }
    },
    "node_modules/util-deprecate": {
      "version": "1.0.2",
      "resolved": "https://registry.npmmirror.com/util-deprecate/-/util-deprecate-1.0.2.tgz",
      "integrity": "sha512-EPD5q1uXyFxJpCrLnCc1nHnq3gOa6DZBocAIiI2TaSCA7VCJ1UJDMagCzIkXNsUYfD1daK//LTEQ8xiIbrHtcw=="
    },
    "node_modules/wrappy": {
      "version": "1.0.2",
      "resolved": "https://registry.npmmirror.com/wrappy/-/wrappy-1.0.2.tgz",
      "integrity": "sha512-l4Sp/DRseor9wL6EvV2+TuQn63dMkPjZ/sp9XkghTEbV9KlPS1xUsZ3u7/IQO4wxtcFB4bgpQPRcR3QCvezPcQ=="
    }
  },
  "dependencies": {
    "ansi-regex": {
      "version": "2.1.1",
      "resolved": "https://registry.npmmirror.com/ansi-regex/-/ansi-regex-2.1.1.tgz",
      "integrity": "sha512-TIGnTpdo+E3+pCyAluZvtED5p5wCqLdezCyhPZzKPcxvFplEt4i+W7OONCKgeZFT3+y5NZZfOOS/Bdcanm1MYA=="
    },
    "ansi-styles": {
      "version": "2.2.1",
      "resolved": "https://registry.npmmirror.com/ansi-styles/-/ansi-styles-2.2.1.tgz",
      "integrity": "sha512-kmCevFghRiWM7HB5zTPULl4r9bVFSWjz62MhqizDGUrq2NWuNMQyuv4tHHoKJHs69M/MF64lEcHdYIocrdWQYA=="
    },
    "axios": {
      "version": "0.19.2",
      "resolved": "https://registry.npmmirror.com/axios/-/axios-0.19.2.tgz",
      "integrity": "sha512-fjgm5MvRHLhx+osE2xoekY70AhARk3a6hkN+3Io1jc00jtquGvxYlKlsFUhmUET0V5te6CcZI7lcv2Ym61mjHA==",
      "requires": {
        "follow-redirects": "1.5.10"
      }
    },
    "callsites": {
      "version": "1.0.1",
      "resolved": "https://registry.npmmirror.com/callsites/-/callsites-1.0.1.tgz",
      "integrity": "sha512-4pzUzADrTwH4QwhsYEY1yQYUYXb4Lp3CB7FVknTNtWNCFdcQkRV4ICEGnMQ35DcJhCVlAB1VD3A/SoWC0O2kMg=="
    },
    "chalk": {
      "version": "1.1.3",
      "resolved": "https://registry.npmmirror.com/chalk/-/chalk-1.1.3.tgz",
      "integrity": "sha512-U3lRVLMSlsCfjqYPbLyVv11M9CPW4I728d6TCKMAOJueEeB9/8o+eSsMnxPJD+Q+K909sdESg7C+tIkoH6on1A==",
      "requires": {
        "ansi-styles": "^2.2.1",
        "escape-string-regexp": "^1.0.2",
        "has-ansi": "^2.0.0",
        "strip-ansi": "^3.0.0",
        "supports-color": "^2.0.0"
      }
    },
    "cmpby": {
      "version": "0.1.0",
      "resolved": "https://registry.npmmirror.com/cmpby/-/cmpby-0.1.0.tgz",
      "integrity": "sha512-i+MsI/FJS3XPBkXMMxC+AfTX75AdCi1jqF0lXp2G0B91YSQ+cvFSaYWBxzDwszMzSU1UuH0KjOan3fBazhnCPw==",
      "requires": {
        "declared": "^0.1.0"
      }
    },
    "core-util-is": {
      "version": "1.0.3",
      "resolved": "https://registry.npmmirror.com/core-util-is/-/core-util-is-1.0.3.tgz",
      "integrity": "sha512-ZQBvi1DcpJ4GDqanjucZ2Hj3wEO5pZDS89BWbkcrvdxksJorwUDDZamX9ldFkp9aw2lmBDLgkObEA4DWNJ9FYQ=="
    },
    "debug": {
      "version": "3.1.0",
      "resolved": "https://registry.npmmirror.com/debug/-/debug-3.1.0.tgz",
      "integrity": "sha512-OX8XqP7/1a9cqkxYw2yXss15f26NKWBpDXQd0/uK/KPqdQhxbPa994hnzjcE2VqQpDslf55723cKPUOGSmMY3g==",
      "requires": {
        "ms": "2.0.0"
      }
    },
    "declared": {
      "version": "0.1.0",
      "resolved": "https://registry.npmmirror.com/declared/-/declared-0.1.0.tgz",
      "integrity": "sha512-4BpJ6puD63UqZkqolJeUFjN/Ged9N4wSEX8IHyEadnHyQWqVyBKcERU5+1GiPnuDgCnFxR72TO1URF06QguMmA=="
    },
    "define-properties": {
      "version": "1.1.4",
      "resolved": "https://registry.npmmirror.com/define-properties/-/define-properties-1.1.4.tgz",
      "integrity": "sha512-uckOqKcfaVvtBdsVkdPv3XjveQJsNQqmhXgRi8uhvWWuPYZCNlzT8qAyblUgNoXdHdjMTzAqeGjAoli8f+bzPA==",
      "requires": {
        "has-property-descriptors": "^1.0.0",
        "object-keys": "^1.1.1"
      }
    },
    "dingtalk-robot-sender": {
      "version": "1.2.0",
      "resolved": "https://registry.npmmirror.com/dingtalk-robot-sender/-/dingtalk-robot-sender-1.2.0.tgz",
      "integrity": "sha512-sLSZpjXYz+VpWvuCoOnhPTnIFcVYBdNEGSEQqjYwb09YUmiNUtvhT/VftOxAkfhNykOjmQ4lSY+90lVWErThbw==",
      "requires": {
        "axios": "^0.19.0"
      }
    },
    "duplexify": {
      "version": "3.7.1",
      "resolved": "https://registry.npmmirror.com/duplexify/-/duplexify-3.7.1.tgz",
      "integrity": "sha512-07z8uv2wMyS51kKhD1KsdXJg5WQ6t93RneqRxUHnskXVtlYYkLqM0gqStQZ3pj073g687jPCHrqNfCzawLYh5g==",
      "requires": {
        "end-of-stream": "^1.0.0",
        "inherits": "^2.0.1",
        "readable-stream": "^2.0.0",
        "stream-shift": "^1.0.0"
      }
    },
    "end-of-stream": {
      "version": "1.4.4",
      "resolved": "https://registry.npmmirror.com/end-of-stream/-/end-of-stream-1.4.4.tgz",
      "integrity": "sha512-+uw1inIHVPQoaVuHzRyXd21icM+cnt4CzD5rW+NC1wjOUSTOs+Te7FOv7AhN7vS9x/oIyhLP5PR1H+phQAHu5Q==",
      "requires": {
        "once": "^1.4.0"
      }
    },
    "escape-string-regexp": {
      "version": "1.0.5",
      "resolved": "https://registry.npmmirror.com/escape-string-regexp/-/escape-string-regexp-1.0.5.tgz",
      "integrity": "sha512-vbRorB5FUQWvla16U8R/qgaFIya2qGzwDrNmCZuYKrbdSUMG6I1ZCGQRefkRVhuOkIGVne7BQ35DSfo1qvJqFg=="
    },
    "find-root": {
      "version": "0.1.2",
      "resolved": "https://registry.npmmirror.com/find-root/-/find-root-0.1.2.tgz",
      "integrity": "sha512-GyDxVgA61TZcrgDJPqOqGBpi80Uf2yIstubgizi7AjC9yPdRrqBR+Y0MvK4kXnYlaoz3d+SGxDHMYVkwI/yd2w=="
    },
    "follow-redirects": {
      "version": "1.5.10",
      "resolved": "https://registry.npmmirror.com/follow-redirects/-/follow-redirects-1.5.10.tgz",
      "integrity": "sha512-0V5l4Cizzvqt5D44aTXbFZz+FtyXV1vrDN6qrelxtfYQKW0KO0W2T/hkE8xvGa/540LkZlkaUjO4ailYTFtHVQ==",
      "requires": {
        "debug": "=3.1.0"
      }
    },
    "function-bind": {
      "version": "1.1.1",
      "resolved": "https://registry.npmmirror.com/function-bind/-/function-bind-1.1.1.tgz",
      "integrity": "sha512-yIovAzMX49sF8Yl58fSCWJ5svSLuaibPxXQJFLmBObTuCr0Mf1KiPopGM9NiFjiYBCbfaa2Fh6breQ6ANVTI0A=="
    },
    "get-intrinsic": {
      "version": "1.1.1",
      "resolved": "https://registry.npmmirror.com/get-intrinsic/-/get-intrinsic-1.1.1.tgz",
      "integrity": "sha512-kWZrnVM42QCiEA2Ig1bG8zjoIMOgxWwYCEeNdwY6Tv/cOSeGpcoX4pXHfKUxNKVoArnrEr2e9srnAxxGIraS9Q==",
      "requires": {
        "function-bind": "^1.1.1",
        "has": "^1.0.3",
        "has-symbols": "^1.0.1"
      }
    },
    "gh-got": {
      "version": "1.1.0",
      "resolved": "https://registry.npmmirror.com/gh-got/-/gh-got-1.1.0.tgz",
      "integrity": "sha512-jo4rP5ugI6fZGjS0vmvHlM8P7EBA39p8to4r2i+LqYXxeg4M8qnPXiKaetDfH0YLXkO9Hfsa2mKIjMsGJwcdGQ==",
      "requires": {
        "got": "^3.2.0",
        "object-assign": "^2.0.0"
      }
    },
    "github-get": {
      "version": "0.2.3",
      "resolved": "https://registry.npmmirror.com/github-get/-/github-get-0.2.3.tgz",
      "integrity": "sha512-12O6qjyBKt1TO89zqgjBjg+hZ4JeyoYnsgr6shqTl85JQ2rr2ZBvtGe0o5abBR/2dD++iubaX46wG01whcff2Q==",
      "requires": {
        "gh-got": "^1.1.0",
        "help-version": "^0.2.0",
        "ls-view": "^0.1.0",
        "object.assign": "^3.0.0"
      }
    },
    "github-readme": {
      "version": "1.0.0",
      "resolved": "https://registry.npmmirror.com/github-readme/-/github-readme-1.0.0.tgz",
      "integrity": "sha512-iu+5gusNgdlnGm0aYcHcBa+NnVrUHJsV/Xevi9AZAyMCY3RKNclryQ5proCBIpGXW3hE2ZBBoPtf2s30zDV6Fw==",
      "requires": {
        "github-get": "^0.2.3",
        "readme-filenames": "^1.0.0"
      }
    },
    "got": {
      "version": "3.3.1",
      "resolved": "https://registry.npmmirror.com/got/-/got-3.3.1.tgz",
      "integrity": "sha512-7chPlc0pWHjvq7B6dEEXz4GphoDupOvBSSl6AwRsAJX7GPTZ+bturaZiIigX4Dp6KrAP67nvzuKkNc0SLA0DKg==",
      "requires": {
        "duplexify": "^3.2.0",
        "infinity-agent": "^2.0.0",
        "is-redirect": "^1.0.0",
        "is-stream": "^1.0.0",
        "lowercase-keys": "^1.0.0",
        "nested-error-stacks": "^1.0.0",
        "object-assign": "^3.0.0",
        "prepend-http": "^1.0.0",
        "read-all-stream": "^3.0.0",
        "timed-out": "^2.0.0"
      },
      "dependencies": {
        "object-assign": {
          "version": "3.0.0",
          "resolved": "https://registry.npmmirror.com/object-assign/-/object-assign-3.0.0.tgz",
          "integrity": "sha512-jHP15vXVGeVh1HuaA2wY6lxk+whK/x4KBG88VXeRma7CCun7iGD5qPc4eYykQ9sdQvg8jkwFKsSxHln2ybW3xQ=="
        }
      }
    },
    "has": {
      "version": "1.0.3",
      "resolved": "https://registry.npmmirror.com/has/-/has-1.0.3.tgz",
      "integrity": "sha512-f2dvO0VU6Oej7RkWJGrehjbzMAjFp5/VKPp5tTpWIV4JHHZK1/BxbFRtf/siA2SWTe09caDmVtYYzWEIbBS4zw==",
      "requires": {
        "function-bind": "^1.1.1"
      }
    },
    "has-ansi": {
      "version": "2.0.0",
      "resolved": "https://registry.npmmirror.com/has-ansi/-/has-ansi-2.0.0.tgz",
      "integrity": "sha512-C8vBJ8DwUCx19vhm7urhTuUsr4/IyP6l4VzNQDv+ryHQObW3TTTp9yB68WpYgRe2bbaGuZ/se74IqFeVnMnLZg==",
      "requires": {
        "ansi-regex": "^2.0.0"
      }
    },
    "has-property-descriptors": {
      "version": "1.0.0",
      "resolved": "https://registry.npmmirror.com/has-property-descriptors/-/has-property-descriptors-1.0.0.tgz",
      "integrity": "sha512-62DVLZGoiEBDHQyqG4w9xCuZ7eJEwNmJRWw2VY84Oedb7WFcA27fiEVe8oUQx9hAUJ4ekurquucTGwsyO1XGdQ==",
      "requires": {
        "get-intrinsic": "^1.1.1"
      }
    },
    "has-symbols": {
      "version": "1.0.3",
      "resolved": "https://registry.npmmirror.com/has-symbols/-/has-symbols-1.0.3.tgz",
      "integrity": "sha512-l3LCuF6MgDNwTDKkdYGEihYjt5pRPbEg46rtlmnSPlUbgmB8LOIrKJbYYFBSbnPaJexMKtiPO8hmeRjRz2Td+A=="
    },
    "help-version": {
      "version": "0.2.0",
      "resolved": "https://registry.npmmirror.com/help-version/-/help-version-0.2.0.tgz",
      "integrity": "sha512-mKVm3u4Eh1sexIpPIwxuwY6/3m/FOJKM9gs65pb5HLfUbxHjhHzrSf3Zymo0GyWMAyC3u9sZg0COn2rWkDINIA==",
      "requires": {
        "callsites": "^1.0.0",
        "find-root": "^0.1.1"
      }
    },
    "infinity-agent": {
      "version": "2.0.3",
      "resolved": "https://registry.npmmirror.com/infinity-agent/-/infinity-agent-2.0.3.tgz",
      "integrity": "sha512-CnfUJe5o2S9aAQWXGMhDZI4UL39MAJV3guOTfHHIdos4tuVHkl1j/J+1XLQn+CLIvqcpgQR/p+xXYXzcrhCe5w=="
    },
    "inherits": {
      "version": "2.0.4",
      "resolved": "https://registry.npmmirror.com/inherits/-/inherits-2.0.4.tgz",
      "integrity": "sha512-k/vGaX4/Yla3WzyMCvTQOXYeIHvqOKtnqBduzTHpzpQZzAskKMhZ2K+EnBiSM9zGSoIFeMpXKxa4dYeZIQqewQ=="
    },
    "is-redirect": {
      "version": "1.0.0",
      "resolved": "https://registry.npmmirror.com/is-redirect/-/is-redirect-1.0.0.tgz",
      "integrity": "sha512-cr/SlUEe5zOGmzvj9bUyC4LVvkNVAXu4GytXLNMr1pny+a65MpQ9IJzFHD5vi7FyJgb4qt27+eS3TuQnqB+RQw=="
    },
    "is-stream": {
      "version": "1.1.0",
      "resolved": "https://registry.npmmirror.com/is-stream/-/is-stream-1.1.0.tgz",
      "integrity": "sha512-uQPm8kcs47jx38atAcWTVxyltQYoPT68y9aWYdV6yWXSyW8mzSat0TL6CiWdZeCdF3KrAvpVtnHbTv4RN+rqdQ=="
    },
    "isarray": {
      "version": "1.0.0",
      "resolved": "https://registry.npmmirror.com/isarray/-/isarray-1.0.0.tgz",
      "integrity": "sha512-VLghIWNM6ELQzo7zwmcg0NmTVyWKYjvIeM83yjp0wRDTmUnrM678fQbcKBo6n2CJEF0szoG//ytg+TKla89ALQ=="
    },
    "lowercase-keys": {
      "version": "1.0.1",
      "resolved": "https://registry.npmmirror.com/lowercase-keys/-/lowercase-keys-1.0.1.tgz",
      "integrity": "sha512-G2Lj61tXDnVFFOi8VZds+SoQjtQC3dgokKdDG2mTm1tx4m50NUHBOZSBwQQHyy0V12A0JTG4icfZQH+xPyh8VA=="
    },
    "ls-view": {
      "version": "0.1.0",
      "resolved": "https://registry.npmmirror.com/ls-view/-/ls-view-0.1.0.tgz",
      "integrity": "sha512-NcbneNiL6N3Hydj8N4qO4FWHrRfWrIGSJiq3I1hSy94ZmCK74+b8oe05NkIo0Diw5laRUkIblq1le49ofIea7A==",
      "requires": {
        "chalk": "^1.0.0",
        "cmpby": "^0.1.0",
        "stable": "^0.1.5"
      }
    },
    "ms": {
      "version": "2.0.0",
      "resolved": "https://registry.npmmirror.com/ms/-/ms-2.0.0.tgz",
      "integrity": "sha512-Tpp60P6IUJDTuOq/5Z8cdskzJujfwqfOTkrwIwj7IRISpnkJnT6SyJ4PCPnGMoFjC9ddhal5KVIYtAt97ix05A=="
    },
    "nested-error-stacks": {
      "version": "1.0.2",
      "resolved": "https://registry.npmmirror.com/nested-error-stacks/-/nested-error-stacks-1.0.2.tgz",
      "integrity": "sha512-o32anp9JA7oezPOFSfG2BBXSdHepOm5FpJvwxHWDtfJ3Bg3xdi68S6ijPlEOfUg6quxZWyvJM+8fHk1yMDKspA==",
      "requires": {
        "inherits": "~2.0.1"
      }
    },
    "object-assign": {
      "version": "2.1.1",
      "resolved": "https://registry.npmmirror.com/object-assign/-/object-assign-2.1.1.tgz",
      "integrity": "sha512-CdsOUYIh5wIiozhJ3rLQgmUTgcyzFwZZrqhkKhODMoGtPKM+wt0h0CNIoauJWMsS9822EdzPsF/6mb4nLvPN5g=="
    },
    "object-keys": {
      "version": "1.1.1",
      "resolved": "https://registry.npmmirror.com/object-keys/-/object-keys-1.1.1.tgz",
      "integrity": "sha512-NuAESUOUMrlIXOfHKzD6bpPu3tYt3xvjNdRIQ+FeT0lNb4K8WR70CaDxhuNguS2XG+GjkyMwOzsN5ZktImfhLA=="
    },
    "object.assign": {
      "version": "3.0.1",
      "resolved": "https://registry.npmmirror.com/object.assign/-/object.assign-3.0.1.tgz",
      "integrity": "sha512-XueBYCVf3jIzfzA3FJKy5CifrjxxTXNiOhYDBasqmJForbzq4YHGyJCC3yGjLi5UECpoDuYIv2VHFYmsmwvApQ==",
      "requires": {
        "define-properties": "^1.0.2",
        "object-keys": "^1.0.4"
      }
    },
    "once": {
      "version": "1.4.0",
      "resolved": "https://registry.npmmirror.com/once/-/once-1.4.0.tgz",
      "integrity": "sha512-lNaJgI+2Q5URQBkccEKHTQOPaXdUxnZZElQTZY0MFUAuaEqe1E+Nyvgdz/aIyNi6Z9MzO5dv1H8n58/GELp3+w==",
      "requires": {
        "wrappy": "1"
      }
    },
    "pinkie": {
      "version": "2.0.4",
      "resolved": "https://registry.npmmirror.com/pinkie/-/pinkie-2.0.4.tgz",
      "integrity": "sha512-MnUuEycAemtSaeFSjXKW/aroV7akBbY+Sv+RkyqFjgAe73F+MR0TBWKBRDkmfWq/HiFmdavfZ1G7h4SPZXaCSg=="
    },
    "pinkie-promise": {
      "version": "2.0.1",
      "resolved": "https://registry.npmmirror.com/pinkie-promise/-/pinkie-promise-2.0.1.tgz",
      "integrity": "sha512-0Gni6D4UcLTbv9c57DfxDGdr41XfgUjqWZu492f0cIGr16zDU06BWP/RAEvOuo7CQ0CNjHaLlM59YJJFm3NWlw==",
      "requires": {
        "pinkie": "^2.0.0"
      }
    },
    "prepend-http": {
      "version": "1.0.4",
      "resolved": "https://registry.npmmirror.com/prepend-http/-/prepend-http-1.0.4.tgz",
      "integrity": "sha512-PhmXi5XmoyKw1Un4E+opM2KcsJInDvKyuOumcjjw3waw86ZNjHwVUOOWLc4bCzLdcKNaWBH9e99sbWzDQsVaYg=="
    },
    "process-nextick-args": {
      "version": "2.0.1",
      "resolved": "https://registry.npmmirror.com/process-nextick-args/-/process-nextick-args-2.0.1.tgz",
      "integrity": "sha512-3ouUOpQhtgrbOa17J7+uxOTpITYWaGP7/AhoR3+A+/1e9skrzelGi/dXzEYyvbxubEF6Wn2ypscTKiKJFFn1ag=="
    },
    "read-all-stream": {
      "version": "3.1.0",
      "resolved": "https://registry.npmmirror.com/read-all-stream/-/read-all-stream-3.1.0.tgz",
      "integrity": "sha512-DI1drPHbmBcUDWrJ7ull/F2Qb8HkwBncVx8/RpKYFSIACYaVRQReISYPdZz/mt1y1+qMCOrfReTopERmaxtP6w==",
      "requires": {
        "pinkie-promise": "^2.0.0",
        "readable-stream": "^2.0.0"
      }
    },
    "readable-stream": {
      "version": "2.3.7",
      "resolved": "https://registry.npmmirror.com/readable-stream/-/readable-stream-2.3.7.tgz",
      "integrity": "sha512-Ebho8K4jIbHAxnuxi7o42OrZgF/ZTNcsZj6nRKyUmkhLFq8CHItp/fy6hQZuZmP/n3yZ9VBUbp4zz/mX8hmYPw==",
      "requires": {
        "core-util-is": "~1.0.0",
        "inherits": "~2.0.3",
        "isarray": "~1.0.0",
        "process-nextick-args": "~2.0.0",
        "safe-buffer": "~5.1.1",
        "string_decoder": "~1.1.1",
        "util-deprecate": "~1.0.1"
      }
    },
    "readme-filenames": {
      "version": "1.0.1",
      "resolved": "https://registry.npmmirror.com/readme-filenames/-/readme-filenames-1.0.1.tgz",
      "integrity": "sha512-eWJ3ug+K1OUnhWfccRIPLLaxqFPbxvL2coaxtojMGoUT0v3OYV1RwVoxdOayayvC6cQG/C/nv2gsirAgZdyYXA=="
    },
    "safe-buffer": {
      "version": "5.1.2",
      "resolved": "https://registry.npmmirror.com/safe-buffer/-/safe-buffer-5.1.2.tgz",
      "integrity": "sha512-Gd2UZBJDkXlY7GbJxfsE8/nvKkUEU1G38c1siN6QP6a9PT9MmHB8GnpscSmMJSoF8LOIrt8ud/wPtojys4G6+g=="
    },
    "stable": {
      "version": "0.1.8",
      "resolved": "https://registry.npmmirror.com/stable/-/stable-0.1.8.tgz",
      "integrity": "sha512-ji9qxRnOVfcuLDySj9qzhGSEFVobyt1kIOSkj1qZzYLzq7Tos/oUUWvotUPQLlrsidqsK6tBH89Bc9kL5zHA6w=="
    },
    "stream-shift": {
      "version": "1.0.1",
      "resolved": "https://registry.npmmirror.com/stream-shift/-/stream-shift-1.0.1.tgz",
      "integrity": "sha512-AiisoFqQ0vbGcZgQPY1cdP2I76glaVA/RauYR4G4thNFgkTqr90yXTo4LYX60Jl+sIlPNHHdGSwo01AvbKUSVQ=="
    },
    "string_decoder": {
      "version": "1.1.1",
      "resolved": "https://registry.npmmirror.com/string_decoder/-/string_decoder-1.1.1.tgz",
      "integrity": "sha512-n/ShnvDi6FHbbVfviro+WojiFzv+s8MPMHBczVePfUpDJLwoLT0ht1l4YwBCbi8pJAveEEdnkHyPyTP/mzRfwg==",
      "requires": {
        "safe-buffer": "~5.1.0"
      }
    },
    "strip-ansi": {
      "version": "3.0.1",
      "resolved": "https://registry.npmmirror.com/strip-ansi/-/strip-ansi-3.0.1.tgz",
      "integrity": "sha512-VhumSSbBqDTP8p2ZLKj40UjBCV4+v8bUSEpUb4KjRgWk9pbqGF4REFj6KEagidb2f/M6AzC0EmFyDNGaw9OCzg==",
      "requires": {
        "ansi-regex": "^2.0.0"
      }
    },
    "supports-color": {
      "version": "2.0.0",
      "resolved": "https://registry.npmmirror.com/supports-color/-/supports-color-2.0.0.tgz",
      "integrity": "sha512-KKNVtd6pCYgPIKU4cp2733HWYCpplQhddZLBUryaAHou723x+FRzQ5Df824Fj+IyyuiQTRoub4SnIFfIcrp70g=="
    },
    "timed-out": {
      "version": "2.0.0",
      "resolved": "https://registry.npmmirror.com/timed-out/-/timed-out-2.0.0.tgz",
      "integrity": "sha512-pqqJOi1rF5zNs/ps4vmbE4SFCrM4iR7LW+GHAsHqO/EumqbIWceioevYLM5xZRgQSH6gFgL9J/uB7EcJhQ9niQ=="
    },
    "util-deprecate": {
      "version": "1.0.2",
      "resolved": "https://registry.npmmirror.com/util-deprecate/-/util-deprecate-1.0.2.tgz",
      "integrity": "sha512-EPD5q1uXyFxJpCrLnCc1nHnq3gOa6DZBocAIiI2TaSCA7VCJ1UJDMagCzIkXNsUYfD1daK//LTEQ8xiIbrHtcw=="
    },
    "wrappy": {
      "version": "1.0.2",
      "resolved": "https://registry.npmmirror.com/wrappy/-/wrappy-1.0.2.tgz",
      "integrity": "sha512-l4Sp/DRseor9wL6EvV2+TuQn63dMkPjZ/sp9XkghTEbV9KlPS1xUsZ3u7/IQO4wxtcFB4bgpQPRcR3QCvezPcQ=="
    }
  }
}
